Microsoft Visual Studio Solution File, Format Version 11.00
# Visual Studio 2008

Project("{63FB6033-74B3-6907-40A0-ACAE455C2DC5}") = "ColorTubeIos", "Assembly-CSharp.csproj", "{12EFA6AC-2AFE-C01A-DCCA-DDD9E8AC6607}"
EndProject
Project("{63FB6033-74B3-6907-40A0-ACAE455C2DC5}") = "ColorTubeIos", "Assembly-CSharp-Editor.csproj", "{A66835F1-EA84-4F8D-8C68-EA62DCEE785B}"
EndProject
Global
	GlobalSection(SolutionConfigurationPlatforms) = preSolution
		Debug|Any CPU = Debug|Any CPU
		Release|Any CPU = Release|Any CPU
	EndGlobalSection
	GlobalSection(ProjectConfigurationPlatforms) = postSolution
		{12EFA6AC-2AFE-C01A-DCCA-DDD9E8AC6607}.Debug|Any CPU.ActiveCfg = Debug|Any CPU
		{12EFA6AC-2AFE-C01A-DCCA-DDD9E8AC6607}.Debug|Any CPU.Build.0 = Debug|Any CPU
		{12EFA6AC-2AFE-C01A-DCCA-DDD9E8AC6607}.Release|Any CPU.ActiveCfg = Release|Any CPU
		{12EFA6AC-2AFE-C01A-DCCA-DDD9E8AC6607}.Release|Any CPU.Build.0 = Release|Any CPU
		{A66835F1-EA84-4F8D-8C68-EA62DCEE785B}.Debug|Any CPU.ActiveCfg = Debug|Any CPU
		{A66835F1-EA84-4F8D-8C68-EA62DCEE785B}.Debug|Any CPU.Build.0 = Debug|Any CPU
		{A66835F1-EA84-4F8D-8C68-EA62DCEE785B}.Release|Any CPU.ActiveCfg = Release|Any CPU
		{A66835F1-EA84-4F8D-8C68-EA62DCEE785B}.Release|Any CPU.Build.0 = Release|Any CPU
	EndGlobalSection
	GlobalSection(SolutionProperties) = preSolution
		HideSolutionNode = FALSE
	EndGlobalSection
	GlobalSection(MonoDevelopProperties) = preSolution
		StartupItem = Assembly-CSharp.csproj
	EndGlobalSection
EndGlobal
